
Microsoft Visual Studio Solution File, Format Version 12.00
Project("{FAE04EC0-301F-11D3-BF4B-00C04F79EFBC}") = "src\PayrollPreparation.Service", "src\PayrollPreparation.Service\PayrollPreparation.Service.csproj", "{ECCDB0E1-EA11-4253-BDCE-C1F053872C3D}"
EndProject
Project("{FAE04EC0-301F-11D3-BF4B-00C04F79EFBC}") = "src\PayrollPreparation.Application", "src\PayrollPreparation.Application\PayrollPreparation.Application.csproj", "{435C8188-6D59-4F44-8EEE-1246727CB300}"
EndProject
Project("{FAE04EC0-301F-11D3-BF4B-00C04F79EFBC}") = "src\PayrollPreparation.Domain", "src\PayrollPreparation.Domain\PayrollPreparation.Domain.csproj", "{449EBFB3-07F2-412E-A381-A344F3EDC69B}"
EndProject
Project("{FAE04EC0-301F-11D3-BF4B-00C04F79EFBC}") = "src\PayrollPreparation.Infrastructure", "src\PayrollPreparation.Infrastructure\PayrollPreparation.Infrastructure.csproj", "{30B963C5-9044-4A8A-AA48-1B1929D654C4}"
EndProject
Project("{2150E333-8FDC-42A3-9474-1A3956D46DE8}") = "src", "src", "{2E6DF2A8-40FD-4BCD-82E1-424A8D13AA4B}"
EndProject
Project("{2150E333-8FDC-42A3-9474-1A3956D46DE8}") = "tests", "tests", "{AD969332-ECB4-4601-A1E9-43AB07F5F424}"
EndProject
Project("{FAE04EC0-301F-11D3-BF4B-00C04F79EFBC}") = "PayrollPreparation.UnitTests", "tests\PayrollPreparation.UnitTests\PayrollPreparation.UnitTests.csproj", "{6F6FBE72-67E9-4409-8DE8-530BA9A550EE}"
EndProject
Global
	GlobalSection(SolutionConfigurationPlatforms) = preSolution
		Debug|Any CPU = Debug|Any CPU
		Release|Any CPU = Release|Any CPU
	EndGlobalSection
	GlobalSection(ProjectConfigurationPlatforms) = postSolution
		{ECCDB0E1-EA11-4253-BDCE-C1F053872C3D}.Debug|Any CPU.ActiveCfg = Debug|Any CPU
		{ECCDB0E1-EA11-4253-BDCE-C1F053872C3D}.Debug|Any CPU.Build.0 = Debug|Any CPU
		{ECCDB0E1-EA11-4253-BDCE-C1F053872C3D}.Release|Any CPU.ActiveCfg = Release|Any CPU
		{ECCDB0E1-EA11-4253-BDCE-C1F053872C3D}.Release|Any CPU.Build.0 = Release|Any CPU
		{435C8188-6D59-4F44-8EEE-1246727CB300}.Debug|Any CPU.ActiveCfg = Debug|Any CPU
		{435C8188-6D59-4F44-8EEE-1246727CB300}.Debug|Any CPU.Build.0 = Debug|Any CPU
		{435C8188-6D59-4F44-8EEE-1246727CB300}.Release|Any CPU.ActiveCfg = Release|Any CPU
		{435C8188-6D59-4F44-8EEE-1246727CB300}.Release|Any CPU.Build.0 = Release|Any CPU
		{449EBFB3-07F2-412E-A381-A344F3EDC69B}.Debug|Any CPU.ActiveCfg = Debug|Any CPU
		{449EBFB3-07F2-412E-A381-A344F3EDC69B}.Debug|Any CPU.Build.0 = Debug|Any CPU
		{449EBFB3-07F2-412E-A381-A344F3EDC69B}.Release|Any CPU.ActiveCfg = Release|Any CPU
		{449EBFB3-07F2-412E-A381-A344F3EDC69B}.Release|Any CPU.Build.0 = Release|Any CPU
		{30B963C5-9044-4A8A-AA48-1B1929D654C4}.Debug|Any CPU.ActiveCfg = Debug|Any CPU
		{30B963C5-9044-4A8A-AA48-1B1929D654C4}.Debug|Any CPU.Build.0 = Debug|Any CPU
		{30B963C5-9044-4A8A-AA48-1B1929D654C4}.Release|Any CPU.ActiveCfg = Release|Any CPU
		{30B963C5-9044-4A8A-AA48-1B1929D654C4}.Release|Any CPU.Build.0 = Release|Any CPU
		{6F6FBE72-67E9-4409-8DE8-530BA9A550EE}.Debug|Any CPU.ActiveCfg = Debug|Any CPU
		{6F6FBE72-67E9-4409-8DE8-530BA9A550EE}.Debug|Any CPU.Build.0 = Debug|Any CPU
		{6F6FBE72-67E9-4409-8DE8-530BA9A550EE}.Release|Any CPU.ActiveCfg = Release|Any CPU
		{6F6FBE72-67E9-4409-8DE8-530BA9A550EE}.Release|Any CPU.Build.0 = Release|Any CPU
	EndGlobalSection
	GlobalSection(NestedProjects) = preSolution
		{435C8188-6D59-4F44-8EEE-1246727CB300} = {2E6DF2A8-40FD-4BCD-82E1-424A8D13AA4B}
		{449EBFB3-07F2-412E-A381-A344F3EDC69B} = {2E6DF2A8-40FD-4BCD-82E1-424A8D13AA4B}
		{30B963C5-9044-4A8A-AA48-1B1929D654C4} = {2E6DF2A8-40FD-4BCD-82E1-424A8D13AA4B}
		{ECCDB0E1-EA11-4253-BDCE-C1F053872C3D} = {2E6DF2A8-40FD-4BCD-82E1-424A8D13AA4B}
		{6F6FBE72-67E9-4409-8DE8-530BA9A550EE} = {AD969332-ECB4-4601-A1E9-43AB07F5F424}
	EndGlobalSection
EndGlobal
