
Microsoft Visual Studio Solution File, Format Version 12.00
Project("{FAE04EC0-301F-11D3-BF4B-00C04F79EFBC}") = "PayrollPreparation.Service", "PayrollPreparation.Service\PayrollPreparation.Service.csproj", "{ECCDB0E1-EA11-4253-BDCE-C1F053872C3D}"
EndProject
Project("{FAE04EC0-301F-11D3-BF4B-00C04F79EFBC}") = "PayrollPreparation.Application", "PayrollPreparation.Application\PayrollPreparation.Application.csproj", "{435C8188-6D59-4F44-8EEE-1246727CB300}"
EndProject
Project("{FAE04EC0-301F-11D3-BF4B-00C04F79EFBC}") = "PayrollPreparation.Domain", "PayrollPreparation.Domain\PayrollPreparation.Domain.csproj", "{449EBFB3-07F2-412E-A381-A344F3EDC69B}"
EndProject
Global
	GlobalSection(SolutionConfigurationPlatforms) = preSolution
		Debug|Any CPU = Debug|Any CPU
		Release|Any CPU = Release|Any CPU
	EndGlobalSection
	GlobalSection(ProjectConfigurationPlatforms) = postSolution
		{ECCDB0E1-EA11-4253-BDCE-C1F053872C3D}.Debug|Any CPU.ActiveCfg = Debug|Any CPU
		{ECCDB0E1-EA11-4253-BDCE-C1F053872C3D}.Debug|Any CPU.Build.0 = Debug|Any CPU
		{ECCDB0E1-EA11-4253-BDCE-C1F053872C3D}.Release|Any CPU.ActiveCfg = Release|Any CPU
		{ECCDB0E1-EA11-4253-BDCE-C1F053872C3D}.Release|Any CPU.Build.0 = Release|Any CPU
		{435C8188-6D59-4F44-8EEE-1246727CB300}.Debug|Any CPU.ActiveCfg = Debug|Any CPU
		{435C8188-6D59-4F44-8EEE-1246727CB300}.Debug|Any CPU.Build.0 = Debug|Any CPU
		{435C8188-6D59-4F44-8EEE-1246727CB300}.Release|Any CPU.ActiveCfg = Release|Any CPU
		{435C8188-6D59-4F44-8EEE-1246727CB300}.Release|Any CPU.Build.0 = Release|Any CPU
		{449EBFB3-07F2-412E-A381-A344F3EDC69B}.Debug|Any CPU.ActiveCfg = Debug|Any CPU
		{449EBFB3-07F2-412E-A381-A344F3EDC69B}.Debug|Any CPU.Build.0 = Debug|Any CPU
		{449EBFB3-07F2-412E-A381-A344F3EDC69B}.Release|Any CPU.ActiveCfg = Release|Any CPU
		{449EBFB3-07F2-412E-A381-A344F3EDC69B}.Release|Any CPU.Build.0 = Release|Any CPU
	EndGlobalSection
EndGlobal
